
Microsoft Visual Studio Solution File, Format Version 12.00
# Visual Studio Version 17
VisualStudioVersion = 17.1.32228.430
MinimumVisualStudioVersion = 10.0.40219.1
Project("{FAE04EC0-301F-11D3-BF4B-00C04F79EFBC}") = "EX1", "EX1\EX1.csproj", "{9C958E63-4441-4E2C-B290-5B0F973E5380}"
EndProject
Global
	GlobalSection(SolutionConfigurationPlatforms) = preSolution
		Debug|Any CPU = Debug|Any CPU
		Release|Any CPU = Release|Any CPU
	EndGlobalSection
	GlobalSection(ProjectConfigurationPlatforms) = postSolution
		{9C958E63-4441-4E2C-B290-5B0F973E5380}.Debug|Any CPU.ActiveCfg = Debug|Any CPU
		{9C958E63-4441-4E2C-B290-5B0F973E5380}.Debug|Any CPU.Build.0 = Debug|Any CPU
		{9C958E63-4441-4E2C-B290-5B0F973E5380}.Release|Any CPU.ActiveCfg = Release|Any CPU
		{9C958E63-4441-4E2C-B290-5B0F973E5380}.Release|Any CPU.Build.0 = Release|Any CPU
	EndGlobalSection
	GlobalSection(SolutionProperties) = preSolution
		HideSolutionNode = FALSE
	EndGlobalSection
	GlobalSection(ExtensibilityGlobals) = postSolution
		SolutionGuid = {5AA0AFA4-0B15-4337-8933-90DDAF40BA61}
	EndGlobalSection
EndGlobal
