
Microsoft Visual Studio Solution File, Format Version 12.00
# Visual Studio Version 17
VisualStudioVersion = 17.1.32210.238
MinimumVisualStudioVersion = 10.0.40219.1
Project("{FAE04EC0-301F-11D3-BF4B-00C04F79EFBC}") = "EX1", "EX1\EX1.csproj", "{E561A7CA-678F-4499-91C0-1E8304DE892C}"
EndProject
Project("{FAE04EC0-301F-11D3-BF4B-00C04F79EFBC}") = "EX2", "EX2\EX2.csproj", "{9C2806FD-1467-41E5-ABC2-7DC18232A69D}"
EndProject
Global
	GlobalSection(SolutionConfigurationPlatforms) = preSolution
		Debug|Any CPU = Debug|Any CPU
		Release|Any CPU = Release|Any CPU
	EndGlobalSection
	GlobalSection(ProjectConfigurationPlatforms) = postSolution
		{E561A7CA-678F-4499-91C0-1E8304DE892C}.Debug|Any CPU.ActiveCfg = Debug|Any CPU
		{E561A7CA-678F-4499-91C0-1E8304DE892C}.Debug|Any CPU.Build.0 = Debug|Any CPU
		{E561A7CA-678F-4499-91C0-1E8304DE892C}.Release|Any CPU.ActiveCfg = Release|Any CPU
		{E561A7CA-678F-4499-91C0-1E8304DE892C}.Release|Any CPU.Build.0 = Release|Any CPU
		{9C2806FD-1467-41E5-ABC2-7DC18232A69D}.Debug|Any CPU.ActiveCfg = Debug|Any CPU
		{9C2806FD-1467-41E5-ABC2-7DC18232A69D}.Debug|Any CPU.Build.0 = Debug|Any CPU
		{9C2806FD-1467-41E5-ABC2-7DC18232A69D}.Release|Any CPU.ActiveCfg = Release|Any CPU
		{9C2806FD-1467-41E5-ABC2-7DC18232A69D}.Release|Any CPU.Build.0 = Release|Any CPU
	EndGlobalSection
	GlobalSection(SolutionProperties) = preSolution
		HideSolutionNode = FALSE
	EndGlobalSection
	GlobalSection(ExtensibilityGlobals) = postSolution
		SolutionGuid = {809113E2-6BC5-4EE4-A633-FAB339B17C46}
	EndGlobalSection
EndGlobal
