
Microsoft Visual Studio Solution File, Format Version 12.00
# Visual Studio Version 17
VisualStudioVersion = 17.1.32210.238
MinimumVisualStudioVersion = 10.0.40219.1
Project("{FAE04EC0-301F-11D3-BF4B-00C04F79EFBC}") = "CodeWars", "CodeWars\CodeWars.csproj", "{0C75193B-E408-4B5B-9D10-70BDEC629245}"
EndProject
Project("{FAE04EC0-301F-11D3-BF4B-00C04F79EFBC}") = "AreaPerimeter", "AreaPerimeter\AreaPerimeter.csproj", "{FF6008DB-6734-4770-AE34-29B35F51E70F}"
EndProject
Project("{FAE04EC0-301F-11D3-BF4B-00C04F79EFBC}") = "FirstandLast", "FirstandLast\FirstandLast.csproj", "{EA2B08C4-255D-4218-B33D-52ACF057CFF5}"
EndProject
Project("{FAE04EC0-301F-11D3-BF4B-00C04F79EFBC}") = "TwiceAsOld", "TwiceAsOld\TwiceAsOld.csproj", "{570AEBAE-494B-4956-A7D8-3EF82A142380}"
EndProject
Project("{FAE04EC0-301F-11D3-BF4B-00C04F79EFBC}") = "Fibonacci", "Fibonacci\Fibonacci.csproj", "{559A9387-6833-42AB-97F7-00B3C09B1CB2}"
EndProject
Global
	GlobalSection(SolutionConfigurationPlatforms) = preSolution
		Debug|Any CPU = Debug|Any CPU
		Release|Any CPU = Release|Any CPU
	EndGlobalSection
	GlobalSection(ProjectConfigurationPlatforms) = postSolution
		{0C75193B-E408-4B5B-9D10-70BDEC629245}.Debug|Any CPU.ActiveCfg = Debug|Any CPU
		{0C75193B-E408-4B5B-9D10-70BDEC629245}.Debug|Any CPU.Build.0 = Debug|Any CPU
		{0C75193B-E408-4B5B-9D10-70BDEC629245}.Release|Any CPU.ActiveCfg = Release|Any CPU
		{0C75193B-E408-4B5B-9D10-70BDEC629245}.Release|Any CPU.Build.0 = Release|Any CPU
		{FF6008DB-6734-4770-AE34-29B35F51E70F}.Debug|Any CPU.ActiveCfg = Debug|Any CPU
		{FF6008DB-6734-4770-AE34-29B35F51E70F}.Debug|Any CPU.Build.0 = Debug|Any CPU
		{FF6008DB-6734-4770-AE34-29B35F51E70F}.Release|Any CPU.ActiveCfg = Release|Any CPU
		{FF6008DB-6734-4770-AE34-29B35F51E70F}.Release|Any CPU.Build.0 = Release|Any CPU
		{EA2B08C4-255D-4218-B33D-52ACF057CFF5}.Debug|Any CPU.ActiveCfg = Debug|Any CPU
		{EA2B08C4-255D-4218-B33D-52ACF057CFF5}.Debug|Any CPU.Build.0 = Debug|Any CPU
		{EA2B08C4-255D-4218-B33D-52ACF057CFF5}.Release|Any CPU.ActiveCfg = Release|Any CPU
		{EA2B08C4-255D-4218-B33D-52ACF057CFF5}.Release|Any CPU.Build.0 = Release|Any CPU
		{570AEBAE-494B-4956-A7D8-3EF82A142380}.Debug|Any CPU.ActiveCfg = Debug|Any CPU
		{570AEBAE-494B-4956-A7D8-3EF82A142380}.Debug|Any CPU.Build.0 = Debug|Any CPU
		{570AEBAE-494B-4956-A7D8-3EF82A142380}.Release|Any CPU.ActiveCfg = Release|Any CPU
		{570AEBAE-494B-4956-A7D8-3EF82A142380}.Release|Any CPU.Build.0 = Release|Any CPU
		{559A9387-6833-42AB-97F7-00B3C09B1CB2}.Debug|Any CPU.ActiveCfg = Debug|Any CPU
		{559A9387-6833-42AB-97F7-00B3C09B1CB2}.Debug|Any CPU.Build.0 = Debug|Any CPU
		{559A9387-6833-42AB-97F7-00B3C09B1CB2}.Release|Any CPU.ActiveCfg = Release|Any CPU
		{559A9387-6833-42AB-97F7-00B3C09B1CB2}.Release|Any CPU.Build.0 = Release|Any CPU
	EndGlobalSection
	GlobalSection(SolutionProperties) = preSolution
		HideSolutionNode = FALSE
	EndGlobalSection
	GlobalSection(ExtensibilityGlobals) = postSolution
		SolutionGuid = {B5249D99-D9EC-4D65-BDA7-0AD4458E635E}
	EndGlobalSection
EndGlobal
