
Microsoft Visual Studio Solution File, Format Version 12.00
# Visual Studio Version 17
VisualStudioVersion = 17.1.32210.238
MinimumVisualStudioVersion = 10.0.40219.1
Project("{FAE04EC0-301F-11D3-BF4B-00C04F79EFBC}") = "ClassDemo", "ClassDemo\ClassDemo.csproj", "{593DDAF6-98B1-4AFD-B2BE-755D22FC5F51}"
EndProject
Project("{FAE04EC0-301F-11D3-BF4B-00C04F79EFBC}") = "PeriodicTable", "PeriodicTable\PeriodicTable.csproj", "{CD20EED4-8D6A-47CE-AFD0-DF367C2C9928}"
EndProject
Global
	GlobalSection(SolutionConfigurationPlatforms) = preSolution
		Debug|Any CPU = Debug|Any CPU
		Release|Any CPU = Release|Any CPU
	EndGlobalSection
	GlobalSection(ProjectConfigurationPlatforms) = postSolution
		{593DDAF6-98B1-4AFD-B2BE-755D22FC5F51}.Debug|Any CPU.ActiveCfg = Debug|Any CPU
		{593DDAF6-98B1-4AFD-B2BE-755D22FC5F51}.Debug|Any CPU.Build.0 = Debug|Any CPU
		{593DDAF6-98B1-4AFD-B2BE-755D22FC5F51}.Release|Any CPU.ActiveCfg = Release|Any CPU
		{593DDAF6-98B1-4AFD-B2BE-755D22FC5F51}.Release|Any CPU.Build.0 = Release|Any CPU
		{CD20EED4-8D6A-47CE-AFD0-DF367C2C9928}.Debug|Any CPU.ActiveCfg = Debug|Any CPU
		{CD20EED4-8D6A-47CE-AFD0-DF367C2C9928}.Debug|Any CPU.Build.0 = Debug|Any CPU
		{CD20EED4-8D6A-47CE-AFD0-DF367C2C9928}.Release|Any CPU.ActiveCfg = Release|Any CPU
		{CD20EED4-8D6A-47CE-AFD0-DF367C2C9928}.Release|Any CPU.Build.0 = Release|Any CPU
	EndGlobalSection
	GlobalSection(SolutionProperties) = preSolution
		HideSolutionNode = FALSE
	EndGlobalSection
	GlobalSection(ExtensibilityGlobals) = postSolution
		SolutionGuid = {8C38AD75-9A3E-490F-8B4E-96D85EF2E509}
	EndGlobalSection
EndGlobal
