
Microsoft Visual Studio Solution File, Format Version 12.00
# Visual Studio Version 17
VisualStudioVersion = 17.0.32112.339
MinimumVisualStudioVersion = 10.0.40219.1
Project("{FAE04EC0-301F-11D3-BF4B-00C04F79EFBC}") = "LAB4", "LAB4\LAB4.csproj", "{3FFA9DC8-0114-4116-B2B3-2A55BFAFAAD6}"
EndProject
Project("{FAE04EC0-301F-11D3-BF4B-00C04F79EFBC}") = "LAB5", "LAB5\LAB5.csproj", "{83A7623D-F6E2-4FA8-81E4-6AE800313E7D}"
EndProject
Global
	GlobalSection(SolutionConfigurationPlatforms) = preSolution
		Debug|Any CPU = Debug|Any CPU
		Release|Any CPU = Release|Any CPU
	EndGlobalSection
	GlobalSection(ProjectConfigurationPlatforms) = postSolution
		{3FFA9DC8-0114-4116-B2B3-2A55BFAFAAD6}.Debug|Any CPU.ActiveCfg = Debug|Any CPU
		{3FFA9DC8-0114-4116-B2B3-2A55BFAFAAD6}.Debug|Any CPU.Build.0 = Debug|Any CPU
		{3FFA9DC8-0114-4116-B2B3-2A55BFAFAAD6}.Release|Any CPU.ActiveCfg = Release|Any CPU
		{3FFA9DC8-0114-4116-B2B3-2A55BFAFAAD6}.Release|Any CPU.Build.0 = Release|Any CPU
		{83A7623D-F6E2-4FA8-81E4-6AE800313E7D}.Debug|Any CPU.ActiveCfg = Debug|Any CPU
		{83A7623D-F6E2-4FA8-81E4-6AE800313E7D}.Debug|Any CPU.Build.0 = Debug|Any CPU
		{83A7623D-F6E2-4FA8-81E4-6AE800313E7D}.Release|Any CPU.ActiveCfg = Release|Any CPU
		{83A7623D-F6E2-4FA8-81E4-6AE800313E7D}.Release|Any CPU.Build.0 = Release|Any CPU
	EndGlobalSection
	GlobalSection(SolutionProperties) = preSolution
		HideSolutionNode = FALSE
	EndGlobalSection
	GlobalSection(ExtensibilityGlobals) = postSolution
		SolutionGuid = {49FBE479-2AB2-4910-9B44-50B895A4758E}
	EndGlobalSection
EndGlobal
