
Microsoft Visual Studio Solution File, Format Version 12.00
# Visual Studio Version 17
VisualStudioVersion = 17.0.32014.148
MinimumVisualStudioVersion = 10.0.40219.1
Project("{9A19103F-16F7-4668-BE54-9A1E7A4F7556}") = "Lab1", "Lab01\Lab1.csproj", "{9249BED4-F638-4BDB-8498-864A0DCB27AD}"
EndProject
Project("{9A19103F-16F7-4668-BE54-9A1E7A4F7556}") = "Lab2", "Lab2\Lab2.csproj", "{D9FAE7EF-756F-422F-B536-A9C44BE4A794}"
EndProject
Project("{9A19103F-16F7-4668-BE54-9A1E7A4F7556}") = "Lab3", "Lab3\Lab3.csproj", "{E01F9BBE-7C83-49FA-AB26-C7067C879E28}"
EndProject
Project("{FAE04EC0-301F-11D3-BF4B-00C04F79EFBC}") = "LB4", "LB4\LB4.csproj", "{1A46F9EE-D034-401F-98FC-43CBEFE67796}"
EndProject
Project("{FAE04EC0-301F-11D3-BF4B-00C04F79EFBC}") = "LB6", "LB6\LB6.csproj", "{BD350118-77DD-476D-B551-6906D0F09791}"
EndProject
Project("{FAE04EC0-301F-11D3-BF4B-00C04F79EFBC}") = "LB5", "LB5\LB5.csproj", "{4793F886-1D75-420C-AF30-7AA663884B13}"
EndProject
Project("{FAE04EC0-301F-11D3-BF4B-00C04F79EFBC}") = "LB7", "LB7\LB7.csproj", "{F5C351A3-020C-47A2-8525-487D5039D026}"
EndProject
Global
	GlobalSection(SolutionConfigurationPlatforms) = preSolution
		Debug|Any CPU = Debug|Any CPU
		Release|Any CPU = Release|Any CPU
	EndGlobalSection
	GlobalSection(ProjectConfigurationPlatforms) = postSolution
		{9249BED4-F638-4BDB-8498-864A0DCB27AD}.Debug|Any CPU.ActiveCfg = Debug|Any CPU
		{9249BED4-F638-4BDB-8498-864A0DCB27AD}.Debug|Any CPU.Build.0 = Debug|Any CPU
		{9249BED4-F638-4BDB-8498-864A0DCB27AD}.Release|Any CPU.ActiveCfg = Release|Any CPU
		{9249BED4-F638-4BDB-8498-864A0DCB27AD}.Release|Any CPU.Build.0 = Release|Any CPU
		{D9FAE7EF-756F-422F-B536-A9C44BE4A794}.Debug|Any CPU.ActiveCfg = Debug|Any CPU
		{D9FAE7EF-756F-422F-B536-A9C44BE4A794}.Debug|Any CPU.Build.0 = Debug|Any CPU
		{D9FAE7EF-756F-422F-B536-A9C44BE4A794}.Release|Any CPU.ActiveCfg = Release|Any CPU
		{D9FAE7EF-756F-422F-B536-A9C44BE4A794}.Release|Any CPU.Build.0 = Release|Any CPU
		{E01F9BBE-7C83-49FA-AB26-C7067C879E28}.Debug|Any CPU.ActiveCfg = Debug|Any CPU
		{E01F9BBE-7C83-49FA-AB26-C7067C879E28}.Debug|Any CPU.Build.0 = Debug|Any CPU
		{E01F9BBE-7C83-49FA-AB26-C7067C879E28}.Release|Any CPU.ActiveCfg = Release|Any CPU
		{E01F9BBE-7C83-49FA-AB26-C7067C879E28}.Release|Any CPU.Build.0 = Release|Any CPU
		{1A46F9EE-D034-401F-98FC-43CBEFE67796}.Debug|Any CPU.ActiveCfg = Debug|Any CPU
		{1A46F9EE-D034-401F-98FC-43CBEFE67796}.Debug|Any CPU.Build.0 = Debug|Any CPU
		{1A46F9EE-D034-401F-98FC-43CBEFE67796}.Release|Any CPU.ActiveCfg = Release|Any CPU
		{1A46F9EE-D034-401F-98FC-43CBEFE67796}.Release|Any CPU.Build.0 = Release|Any CPU
		{BD350118-77DD-476D-B551-6906D0F09791}.Debug|Any CPU.ActiveCfg = Debug|Any CPU
		{BD350118-77DD-476D-B551-6906D0F09791}.Debug|Any CPU.Build.0 = Debug|Any CPU
		{BD350118-77DD-476D-B551-6906D0F09791}.Release|Any CPU.ActiveCfg = Release|Any CPU
		{BD350118-77DD-476D-B551-6906D0F09791}.Release|Any CPU.Build.0 = Release|Any CPU
		{4793F886-1D75-420C-AF30-7AA663884B13}.Debug|Any CPU.ActiveCfg = Debug|Any CPU
		{4793F886-1D75-420C-AF30-7AA663884B13}.Debug|Any CPU.Build.0 = Debug|Any CPU
		{4793F886-1D75-420C-AF30-7AA663884B13}.Release|Any CPU.ActiveCfg = Release|Any CPU
		{4793F886-1D75-420C-AF30-7AA663884B13}.Release|Any CPU.Build.0 = Release|Any CPU
		{F5C351A3-020C-47A2-8525-487D5039D026}.Debug|Any CPU.ActiveCfg = Debug|Any CPU
		{F5C351A3-020C-47A2-8525-487D5039D026}.Debug|Any CPU.Build.0 = Debug|Any CPU
		{F5C351A3-020C-47A2-8525-487D5039D026}.Release|Any CPU.ActiveCfg = Release|Any CPU
		{F5C351A3-020C-47A2-8525-487D5039D026}.Release|Any CPU.Build.0 = Release|Any CPU
	EndGlobalSection
	GlobalSection(SolutionProperties) = preSolution
		HideSolutionNode = FALSE
	EndGlobalSection
	GlobalSection(ExtensibilityGlobals) = postSolution
		SolutionGuid = {658CC075-CCFC-41DC-A716-2D9DBAD012CC}
	EndGlobalSection
EndGlobal
