
Microsoft Visual Studio Solution File, Format Version 12.00
# Visual Studio Version 17
VisualStudioVersion = 17.0.32112.339
MinimumVisualStudioVersion = 10.0.40219.1
Project("{FAE04EC0-301F-11D3-BF4B-00C04F79EFBC}") = "LAB3", "LAB3\LAB3.csproj", "{99525555-2D61-45ED-B187-83E3EB9259D0}"
EndProject
Project("{FAE04EC0-301F-11D3-BF4B-00C04F79EFBC}") = "LAB4", "LAB4\LAB4.csproj", "{919C6AD0-F398-4ECE-910A-1991EF64A700}"
EndProject
Project("{FAE04EC0-301F-11D3-BF4B-00C04F79EFBC}") = "LAB6", "LAB6\LAB6.csproj", "{5EC04B5A-F174-46E3-8B4B-85609667CA15}"
EndProject
Project("{FAE04EC0-301F-11D3-BF4B-00C04F79EFBC}") = "LAB8", "LAB8\LAB8.csproj", "{BBA6CB7F-3B55-4AE3-B12A-F16BC6436140}"
EndProject
Project("{9A19103F-16F7-4668-BE54-9A1E7A4F7556}") = "LAB5", "LAB5\LAB5.csproj", "{163427FD-88DA-44C6-84F5-CB1DD4E2B96D}"
EndProject
Project("{9A19103F-16F7-4668-BE54-9A1E7A4F7556}") = "MethodDemo", "MethodDemo\MethodDemo.csproj", "{7A8E13F6-BE9D-465F-AD2E-91395F803AA7}"
EndProject
Project("{2150E333-8FDC-42A3-9474-1A3956D46DE8}") = "Part2", "Part2", "{38FF3866-4596-4D8A-9E8E-AE045B8634CE}"
EndProject
Project("{9A19103F-16F7-4668-BE54-9A1E7A4F7556}") = "LAB3", "..\Part 2\LAB3\LAB3.csproj", "{4608718E-8CC1-4A23-AFFE-2B3F45528420}"
EndProject
Project("{9A19103F-16F7-4668-BE54-9A1E7A4F7556}") = "LAB4", "..\Part 2\LAB4\LAB4.csproj", "{F87D67CC-D85F-4907-A829-3DF8D03530D2}"
EndProject
Project("{9A19103F-16F7-4668-BE54-9A1E7A4F7556}") = "LAB5", "..\Part 2\LAB5\LAB5.csproj", "{1AF77D3D-3290-467B-A524-DBF81D488D60}"
EndProject
Project("{9A19103F-16F7-4668-BE54-9A1E7A4F7556}") = "LAB6", "..\Part 2\LAB6\LAB6.csproj", "{176BC653-6B1B-40DA-8B5D-4122E8FBC68A}"
EndProject
Global
	GlobalSection(SolutionConfigurationPlatforms) = preSolution
		Debug|Any CPU = Debug|Any CPU
		Release|Any CPU = Release|Any CPU
	EndGlobalSection
	GlobalSection(ProjectConfigurationPlatforms) = postSolution
		{99525555-2D61-45ED-B187-83E3EB9259D0}.Debug|Any CPU.ActiveCfg = Debug|Any CPU
		{99525555-2D61-45ED-B187-83E3EB9259D0}.Debug|Any CPU.Build.0 = Debug|Any CPU
		{99525555-2D61-45ED-B187-83E3EB9259D0}.Release|Any CPU.ActiveCfg = Release|Any CPU
		{99525555-2D61-45ED-B187-83E3EB9259D0}.Release|Any CPU.Build.0 = Release|Any CPU
		{919C6AD0-F398-4ECE-910A-1991EF64A700}.Debug|Any CPU.ActiveCfg = Debug|Any CPU
		{919C6AD0-F398-4ECE-910A-1991EF64A700}.Debug|Any CPU.Build.0 = Debug|Any CPU
		{919C6AD0-F398-4ECE-910A-1991EF64A700}.Release|Any CPU.ActiveCfg = Release|Any CPU
		{919C6AD0-F398-4ECE-910A-1991EF64A700}.Release|Any CPU.Build.0 = Release|Any CPU
		{5EC04B5A-F174-46E3-8B4B-85609667CA15}.Debug|Any CPU.ActiveCfg = Debug|Any CPU
		{5EC04B5A-F174-46E3-8B4B-85609667CA15}.Debug|Any CPU.Build.0 = Debug|Any CPU
		{5EC04B5A-F174-46E3-8B4B-85609667CA15}.Release|Any CPU.ActiveCfg = Release|Any CPU
		{5EC04B5A-F174-46E3-8B4B-85609667CA15}.Release|Any CPU.Build.0 = Release|Any CPU
		{BBA6CB7F-3B55-4AE3-B12A-F16BC6436140}.Debug|Any CPU.ActiveCfg = Debug|Any CPU
		{BBA6CB7F-3B55-4AE3-B12A-F16BC6436140}.Debug|Any CPU.Build.0 = Debug|Any CPU
		{BBA6CB7F-3B55-4AE3-B12A-F16BC6436140}.Release|Any CPU.ActiveCfg = Release|Any CPU
		{BBA6CB7F-3B55-4AE3-B12A-F16BC6436140}.Release|Any CPU.Build.0 = Release|Any CPU
		{163427FD-88DA-44C6-84F5-CB1DD4E2B96D}.Debug|Any CPU.ActiveCfg = Debug|Any CPU
		{163427FD-88DA-44C6-84F5-CB1DD4E2B96D}.Debug|Any CPU.Build.0 = Debug|Any CPU
		{163427FD-88DA-44C6-84F5-CB1DD4E2B96D}.Release|Any CPU.ActiveCfg = Release|Any CPU
		{163427FD-88DA-44C6-84F5-CB1DD4E2B96D}.Release|Any CPU.Build.0 = Release|Any CPU
		{7A8E13F6-BE9D-465F-AD2E-91395F803AA7}.Debug|Any CPU.ActiveCfg = Debug|Any CPU
		{7A8E13F6-BE9D-465F-AD2E-91395F803AA7}.Debug|Any CPU.Build.0 = Debug|Any CPU
		{7A8E13F6-BE9D-465F-AD2E-91395F803AA7}.Release|Any CPU.ActiveCfg = Release|Any CPU
		{7A8E13F6-BE9D-465F-AD2E-91395F803AA7}.Release|Any CPU.Build.0 = Release|Any CPU
		{4608718E-8CC1-4A23-AFFE-2B3F45528420}.Debug|Any CPU.ActiveCfg = Debug|Any CPU
		{4608718E-8CC1-4A23-AFFE-2B3F45528420}.Debug|Any CPU.Build.0 = Debug|Any CPU
		{4608718E-8CC1-4A23-AFFE-2B3F45528420}.Release|Any CPU.ActiveCfg = Release|Any CPU
		{4608718E-8CC1-4A23-AFFE-2B3F45528420}.Release|Any CPU.Build.0 = Release|Any CPU
		{F87D67CC-D85F-4907-A829-3DF8D03530D2}.Debug|Any CPU.ActiveCfg = Debug|Any CPU
		{F87D67CC-D85F-4907-A829-3DF8D03530D2}.Debug|Any CPU.Build.0 = Debug|Any CPU
		{F87D67CC-D85F-4907-A829-3DF8D03530D2}.Release|Any CPU.ActiveCfg = Release|Any CPU
		{F87D67CC-D85F-4907-A829-3DF8D03530D2}.Release|Any CPU.Build.0 = Release|Any CPU
		{1AF77D3D-3290-467B-A524-DBF81D488D60}.Debug|Any CPU.ActiveCfg = Debug|Any CPU
		{1AF77D3D-3290-467B-A524-DBF81D488D60}.Debug|Any CPU.Build.0 = Debug|Any CPU
		{1AF77D3D-3290-467B-A524-DBF81D488D60}.Release|Any CPU.ActiveCfg = Release|Any CPU
		{1AF77D3D-3290-467B-A524-DBF81D488D60}.Release|Any CPU.Build.0 = Release|Any CPU
		{176BC653-6B1B-40DA-8B5D-4122E8FBC68A}.Debug|Any CPU.ActiveCfg = Debug|Any CPU
		{176BC653-6B1B-40DA-8B5D-4122E8FBC68A}.Debug|Any CPU.Build.0 = Debug|Any CPU
		{176BC653-6B1B-40DA-8B5D-4122E8FBC68A}.Release|Any CPU.ActiveCfg = Release|Any CPU
		{176BC653-6B1B-40DA-8B5D-4122E8FBC68A}.Release|Any CPU.Build.0 = Release|Any CPU
	EndGlobalSection
	GlobalSection(SolutionProperties) = preSolution
		HideSolutionNode = FALSE
	EndGlobalSection
	GlobalSection(NestedProjects) = preSolution
		{4608718E-8CC1-4A23-AFFE-2B3F45528420} = {38FF3866-4596-4D8A-9E8E-AE045B8634CE}
		{F87D67CC-D85F-4907-A829-3DF8D03530D2} = {38FF3866-4596-4D8A-9E8E-AE045B8634CE}
		{1AF77D3D-3290-467B-A524-DBF81D488D60} = {38FF3866-4596-4D8A-9E8E-AE045B8634CE}
		{176BC653-6B1B-40DA-8B5D-4122E8FBC68A} = {38FF3866-4596-4D8A-9E8E-AE045B8634CE}
	EndGlobalSection
	GlobalSection(ExtensibilityGlobals) = postSolution
		SolutionGuid = {2D4001E2-7D32-4ECB-9BC4-7DECD77C0F1C}
	EndGlobalSection
EndGlobal
