
Microsoft Visual Studio Solution File, Format Version 12.00
# Visual Studio Version 17
VisualStudioVersion = 17.0.32112.339
MinimumVisualStudioVersion = 10.0.40219.1
Project("{9A19103F-16F7-4668-BE54-9A1E7A4F7556}") = "ClassDemo", "ClassDemo\ClassDemo.csproj", "{409E39E8-624A-4F2C-8556-57610CD87DE0}"
EndProject
Project("{9A19103F-16F7-4668-BE54-9A1E7A4F7556}") = "LAB5", "LAB5\LAB5.csproj", "{A9F43B20-CE9E-4E0F-A8D1-6D46646E4D66}"
EndProject
Project("{FAE04EC0-301F-11D3-BF4B-00C04F79EFBC}") = "LAB4", "LAB4\LAB4.csproj", "{E47AC439-9BE7-4A9D-9C26-6A9D5EB7C87E}"
EndProject
Project("{FAE04EC0-301F-11D3-BF4B-00C04F79EFBC}") = "LAB6", "LAB6\LAB6.csproj", "{95296503-C401-4C60-8F3C-94DFAE7B915F}"
EndProject
Project("{FAE04EC0-301F-11D3-BF4B-00C04F79EFBC}") = "LAB8", "LAB8\LAB8.csproj", "{980D75AC-98FB-41AA-B546-E9C5F6849428}"
EndProject
Global
	GlobalSection(SolutionConfigurationPlatforms) = preSolution
		Debug|Any CPU = Debug|Any CPU
		Release|Any CPU = Release|Any CPU
	EndGlobalSection
	GlobalSection(ProjectConfigurationPlatforms) = postSolution
		{409E39E8-624A-4F2C-8556-57610CD87DE0}.Debug|Any CPU.ActiveCfg = Debug|Any CPU
		{409E39E8-624A-4F2C-8556-57610CD87DE0}.Debug|Any CPU.Build.0 = Debug|Any CPU
		{409E39E8-624A-4F2C-8556-57610CD87DE0}.Release|Any CPU.ActiveCfg = Release|Any CPU
		{409E39E8-624A-4F2C-8556-57610CD87DE0}.Release|Any CPU.Build.0 = Release|Any CPU
		{A9F43B20-CE9E-4E0F-A8D1-6D46646E4D66}.Debug|Any CPU.ActiveCfg = Debug|Any CPU
		{A9F43B20-CE9E-4E0F-A8D1-6D46646E4D66}.Debug|Any CPU.Build.0 = Debug|Any CPU
		{A9F43B20-CE9E-4E0F-A8D1-6D46646E4D66}.Release|Any CPU.ActiveCfg = Release|Any CPU
		{A9F43B20-CE9E-4E0F-A8D1-6D46646E4D66}.Release|Any CPU.Build.0 = Release|Any CPU
		{E47AC439-9BE7-4A9D-9C26-6A9D5EB7C87E}.Debug|Any CPU.ActiveCfg = Debug|Any CPU
		{E47AC439-9BE7-4A9D-9C26-6A9D5EB7C87E}.Debug|Any CPU.Build.0 = Debug|Any CPU
		{E47AC439-9BE7-4A9D-9C26-6A9D5EB7C87E}.Release|Any CPU.ActiveCfg = Release|Any CPU
		{E47AC439-9BE7-4A9D-9C26-6A9D5EB7C87E}.Release|Any CPU.Build.0 = Release|Any CPU
		{95296503-C401-4C60-8F3C-94DFAE7B915F}.Debug|Any CPU.ActiveCfg = Debug|Any CPU
		{95296503-C401-4C60-8F3C-94DFAE7B915F}.Debug|Any CPU.Build.0 = Debug|Any CPU
		{95296503-C401-4C60-8F3C-94DFAE7B915F}.Release|Any CPU.ActiveCfg = Release|Any CPU
		{95296503-C401-4C60-8F3C-94DFAE7B915F}.Release|Any CPU.Build.0 = Release|Any CPU
		{980D75AC-98FB-41AA-B546-E9C5F6849428}.Debug|Any CPU.ActiveCfg = Debug|Any CPU
		{980D75AC-98FB-41AA-B546-E9C5F6849428}.Debug|Any CPU.Build.0 = Debug|Any CPU
		{980D75AC-98FB-41AA-B546-E9C5F6849428}.Release|Any CPU.ActiveCfg = Release|Any CPU
		{980D75AC-98FB-41AA-B546-E9C5F6849428}.Release|Any CPU.Build.0 = Release|Any CPU
	EndGlobalSection
	GlobalSection(SolutionProperties) = preSolution
		HideSolutionNode = FALSE
	EndGlobalSection
	GlobalSection(ExtensibilityGlobals) = postSolution
		SolutionGuid = {C310869E-5E45-489E-A25F-E8754FEE15F1}
	EndGlobalSection
EndGlobal
